github.com/aws/aws-sdk-go-v2 v1.22.2 h1:lV0U8fnhAnPz8YcdmZVV60+tr6CakHzqA6P8T46ExJI=
github.com/aws/aws-sdk-go-v2 v1.22.2/go.mod h1:Kd0OJtkW3Q0M0lUWGszapWjEvrXDzRW+D21JNsroB+c=
github.com/aws/aws-sdk-go-v2/internal/configsources v1.2.2 h1:AaQsr5vvGR7rmeSWBtTCcw16tT9r51mWijuCQhzLnq8=
github.com/aws/aws-sdk-go-v2/internal/configsources v1.2.2/go.mod h1:o1IiRn7CWocIFTXJjGKJDOwxv1ibL53NpcvcqGWyRBA=
github.com/aws/aws-sdk-go-v2/internal/endpoints/v2 v2.5.2 h1:UZx8SXZ0YtzRiALzYAWcjb9Y9hZUR7MBKaBQ5ouOjPs=
github.com/aws/aws-sdk-go-v2/internal/endpoints/v2 v2.5.2/go.mod h1:ipuRpcSaklmxR6C39G187TpBAO132gUfleTGccUPs8c=
github.com/aws/aws-sdk-go-v2/service/eks v1.33.0 h1:6a7enmqn5ehMT6WBCnc/Bq4UAEtiZ1/3OXDVr09NWUM=
github.com/aws/aws-sdk-go-v2/service/eks v1.33.0/go.mod h1:Caw+bBvj+bjrHNuqmS9ZqSZow77sgF5TQGZy3zY0egA=
github.com/aws/smithy-go v1.16.0 h1:gJZEH/Fqh+RsvlJ1Zt4tVAtV6bKkp3cC+R6FCZMNzik=
github.com/aws/smithy-go v1.16.0/go.mod h1:NukqUGpCZIILqqiV0NIjeFh24kd/FAa4beRb6nbIUPE=
github.com/davecgh/go-spew v1.1.0/go.mod h1:J7Y8YcW2NihsgmVo/mv3lAwl/skON4iLHjSsI+c5H38=
github.com/jmespath/go-jmespath v0.4.0 h1:BEgLn5cpjn8UN1mAw4NjwDrS35OdebyEtFe+9YPoQUg=
github.com/jmespath/go-jmespath v0.4.0/go.mod h1:T8mJZnbsbmF+m6zOOFylbeCJqk5+pHWvzYPziyZiYoo=
github.com/jmespath/go-jmespath/internal/testify v1.5.1/go.mod h1:L3OGu8Wl2/fWfCI6z80xFu9LTZmf1ZRjMHUOPmWr69U=
github.com/pmezard/go-difflib v1.0.0/go.mod h1:iKH77koFhYxTK1pcRnkKkqfTogsbg7gZNVY4sRDYZ/4=
github.com/stretchr/objx v0.1.0/go.mod h1:HFkY916IF+rwdDfMAkV7OtwuqBVzrE8GR6GFx+wExME=
gopkg.in/check.v1 v0.0.0-20161208181325-20d25e280405/go.mod h1:Co6ibVJAznAaIkqp8huTwlJQCZ016jof/cbN4VW5Yz0=
gopkg.in/yaml.v2 v2.2.8/go.mod h1:hI93XBmqTisBFMUTm0b8Fm+jr3Dg1NNxqwp+5A1VGuI=
